
Microsoft Visual Studio Solution File, Format Version 12.00
# Visual Studio Version 17
VisualStudioVersion = 17.1.32328.378
MinimumVisualStudioVersion = 10.0.40219.1
Project("{9A19103F-16F7-4668-BE54-9A1E7A4F7556}") = "HouseWork_Verisoft", "HouseWork_verisoft\HouseWork_Verisoft.csproj", "{6046F8BC-503A-45C3-998F-75C0DFE04E20}"
EndProject
Global
	GlobalSection(SolutionConfigurationPlatforms) = preSolution
		Debug|Any CPU = Debug|Any CPU
		Release|Any CPU = Release|Any CPU
	EndGlobalSection
	GlobalSection(ProjectConfigurationPlatforms) = postSolution
		{6046F8BC-503A-45C3-998F-75C0DFE04E20}.Debug|Any CPU.ActiveCfg = Debug|Any CPU
		{6046F8BC-503A-45C3-998F-75C0DFE04E20}.Debug|Any CPU.Build.0 = Debug|Any CPU
		{6046F8BC-503A-45C3-998F-75C0DFE04E20}.Release|Any CPU.ActiveCfg = Release|Any CPU
		{6046F8BC-503A-45C3-998F-75C0DFE04E20}.Release|Any CPU.Build.0 = Release|Any CPU
	EndGlobalSection
	GlobalSection(SolutionProperties) = preSolution
		HideSolutionNode = FALSE
	EndGlobalSection
	GlobalSection(ExtensibilityGlobals) = postSolution
		SolutionGuid = {D6E77BD9-2284-449D-AC7A-9E3F0E5EAE66}
	EndGlobalSection
EndGlobal
